// !$*UTF8*$!
{
	archiveVersion = 1;
	classes = {
	};
	objectVersion = 56;
	objects = {

/* Begin PBXBuildFile section */
		15146D16ED5A988B14B8468C /* libPods-Reminders.a in Frameworks */ = {isa = PBXBuildFile; fileRef = 2CEAD323D16F5A6C3A141CCA /* libPods-Reminders.a */; };
		585A51282B8710A20041A2B8 /* CategoryViewController.swift in Sources */ = {isa = PBXBuildFile; fileRef = 585A51272B8710A20041A2B8 /* CategoryViewController.swift */; };
		5862E89D2B8DD7A200EFE238 /* SwipeTableViewController.swift in Sources */ = {isa = PBXBuildFile; fileRef = 5862E89C2B8DD7A200EFE238 /* SwipeTableViewController.swift */; };
		5891A03E2B7DE552008312A1 /* AppDelegate.swift in Sources */ = {isa = PBXBuildFile; fileRef = 5891A03D2B7DE552008312A1 /* AppDelegate.swift */; };
		5891A0402B7DE552008312A1 /* SceneDelegate.swift in Sources */ = {isa = PBXBuildFile; fileRef = 5891A03F2B7DE552008312A1 /* SceneDelegate.swift */; };
		5891A0422B7DE552008312A1 /* RemindersViewController.swift in Sources */ = {isa = PBXBuildFile; fileRef = 5891A0412B7DE552008312A1 /* RemindersViewController.swift */; };
		5891A0452B7DE552008312A1 /* Main.storyboard in Resources */ = {isa = PBXBuildFile; fileRef = 5891A0432B7DE552008312A1 /* Main.storyboard */; };
		5891A0472B7DE55C008312A1 /* Assets.xcassets in Resources */ = {isa = PBXBuildFile; fileRef = 5891A0462B7DE55C008312A1 /* Assets.xcassets */; };
		5891A04A2B7DE55C008312A1 /* LaunchScreen.storyboard in Resources */ = {isa = PBXBuildFile; fileRef = 5891A0482B7DE55C008312A1 /* LaunchScreen.storyboard */; };
		58E1F4FF2B8B8E4E0049DB96 /* Item.swift in Sources */ = {isa = PBXBuildFile; fileRef = 58E1F4FE2B8B8E4D0049DB96 /* Item.swift */; };
		58E1F5012B8B8EEC0049DB96 /* Category.swift in Sources */ = {isa = PBXBuildFile; fileRef = 58E1F5002B8B8EEC0049DB96 /* Category.swift */; };
/* End PBXBuildFile section */

/* Begin PBXFileReference section */
		2CEAD323D16F5A6C3A141CCA /* libPods-Reminders.a */ = {isa = PBXFileReference; explicitFileType = archive.ar; includeInIndex = 0; path = "libPods-Reminders.a"; sourceTree = BUILT_PRODUCTS_DIR; };
		585A51272B8710A20041A2B8 /* CategoryViewController.swift */ = {isa = PBXFileReference; lastKnownFileType = sourcecode.swift; path = CategoryViewController.swift; sourceTree = "<group>"; };
		5862E89C2B8DD7A200EFE238 /* SwipeTableViewController.swift */ = {isa = PBXFileReference; lastKnownFileType = sourcecode.swift; path = SwipeTableViewController.swift; sourceTree = "<group>"; };
		5891A03A2B7DE552008312A1 /* Reminders.app */ = {isa = PBXFileReference; explicitFileType = wrapper.application; includeInIndex = 0; path = Reminders.app; sourceTree = BUILT_PRODUCTS_DIR; };
		5891A03D2B7DE552008312A1 /* AppDelegate.swift */ = {isa = PBXFileReference; lastKnownFileType = sourcecode.swift; path = AppDelegate.swift; sourceTree = "<group>"; };
		5891A03F2B7DE552008312A1 /* SceneDelegate.swift */ = {isa = PBXFileReference; lastKnownFileType = sourcecode.swift; path = SceneDelegate.swift; sourceTree = "<group>"; };
		5891A0412B7DE552008312A1 /* RemindersViewController.swift */ = {isa = PBXFileReference; lastKnownFileType = sourcecode.swift; path = RemindersViewController.swift; sourceTree = "<group>"; };
		5891A0442B7DE552008312A1 /* Base */ = {isa = PBXFileReference; lastKnownFileType = file.storyboard; name = Base; path = Base.lproj/Main.storyboard; sourceTree = "<group>"; };
		5891A0462B7DE55C008312A1 /* Assets.xcassets */ = {isa = PBXFileReference; lastKnownFileType = folder.assetcatalog; path = Assets.xcassets; sourceTree = "<group>"; };
		5891A0492B7DE55C008312A1 /* Base */ = {isa = PBXFileReference; lastKnownFileType = file.storyboard; name = Base; path = Base.lproj/LaunchScreen.storyboard; sourceTree = "<group>"; };
		5891A04B2B7DE55C008312A1 /* Info.plist */ = {isa = PBXFileReference; lastKnownFileType = text.plist.xml; path = Info.plist; sourceTree = "<group>"; };
		58E1F4FE2B8B8E4D0049DB96 /* Item.swift */ = {isa = PBXFileReference; lastKnownFileType = sourcecode.swift; path = Item.swift; sourceTree = "<group>"; };
		58E1F5002B8B8EEC0049DB96 /* Category.swift */ = {isa = PBXFileReference; lastKnownFileType = sourcecode.swift; path = Category.swift; sourceTree = "<group>"; };
		92348F5F3993AB95851A7BFD /* Pods-Reminders.debug.xcconfig */ = {isa = PBXFileReference; includeInIndex = 1; lastKnownFileType = text.xcconfig; name = "Pods-Reminders.debug.xcconfig"; path = "Target Support Files/Pods-Reminders/Pods-Reminders.debug.xcconfig"; sourceTree = "<group>"; };
		FEFC4D2EC0D6C90766015607 /* Pods-Reminders.release.xcconfig */ = {isa = PBXFileReference; includeInIndex = 1; lastKnownFileType = text.xcconfig; name = "Pods-Reminders.release.xcconfig"; path = "Target Support Files/Pods-Reminders/Pods-Reminders.release.xcconfig"; sourceTree = "<group>"; };
/* End PBXFileReference section */

/* Begin PBXFrameworksBuildPhase section */
		5891A0372B7DE552008312A1 /* Frameworks */ = {
			isa = PBXFrameworksBuildPhase;
			buildActionMask = 2147483647;
			files = (
				15146D16ED5A988B14B8468C /* libPods-Reminders.a in Frameworks */,
			);
			runOnlyForDeploymentPostprocessing = 0;
		};
/* End PBXFrameworksBuildPhase section */

/* Begin PBXGroup section */
		585365822B8260A20015807C /* DataModel */ = {
			isa = PBXGroup;
			children = (
				58E1F5002B8B8EEC0049DB96 /* Category.swift */,
				58E1F4FE2B8B8E4D0049DB96 /* Item.swift */,
			);
			path = DataModel;
			sourceTree = "<group>";
		};
		585365832B8260DF0015807C /* Controllers */ = {
			isa = PBXGroup;
			children = (
				585A51272B8710A20041A2B8 /* CategoryViewController.swift */,
				5891A0412B7DE552008312A1 /* RemindersViewController.swift */,
				5862E89C2B8DD7A200EFE238 /* SwipeTableViewController.swift */,
			);
			path = Controllers;
			sourceTree = "<group>";
		};
		585365842B8264610015807C /* Views */ = {
			isa = PBXGroup;
			children = (
				5891A0432B7DE552008312A1 /* Main.storyboard */,
			);
			path = Views;
			sourceTree = "<group>";
		};
		585365852B8264C20015807C /* Supporting Files */ = {
			isa = PBXGroup;
			children = (
				5891A0462B7DE55C008312A1 /* Assets.xcassets */,
				5891A0482B7DE55C008312A1 /* LaunchScreen.storyboard */,
			);
			path = "Supporting Files";
			sourceTree = "<group>";
		};
		5891A0312B7DE552008312A1 = {
			isa = PBXGroup;
			children = (
				5891A03C2B7DE552008312A1 /* Reminders */,
				5891A03B2B7DE552008312A1 /* Products */,
				FA050EE2A7011CAAAE2D6E99 /* Pods */,
				D846BE2E51598355D5325139 /* Frameworks */,
			);
			sourceTree = "<group>";
		};
		5891A03B2B7DE552008312A1 /* Products */ = {
			isa = PBXGroup;
			children = (
				5891A03A2B7DE552008312A1 /* Reminders.app */,
			);
			name = Products;
			sourceTree = "<group>";
		};
		5891A03C2B7DE552008312A1 /* Reminders */ = {
			isa = PBXGroup;
			children = (
				585365832B8260DF0015807C /* Controllers */,
				5891A03D2B7DE552008312A1 /* AppDelegate.swift */,
				5891A03F2B7DE552008312A1 /* SceneDelegate.swift */,
				585365842B8264610015807C /* Views */,
				585365852B8264C20015807C /* Supporting Files */,
				5891A04B2B7DE55C008312A1 /* Info.plist */,
				585365822B8260A20015807C /* DataModel */,
			);
			path = Reminders;
			sourceTree = "<group>";
		};
		D846BE2E51598355D5325139 /* Frameworks */ = {
			isa = PBXGroup;
			children = (
				2CEAD323D16F5A6C3A141CCA /* libPods-Reminders.a */,
			);
			name = Frameworks;
			sourceTree = "<group>";
		};
		FA050EE2A7011CAAAE2D6E99 /* Pods */ = {
			isa = PBXGroup;
			children = (
				92348F5F3993AB95851A7BFD /* Pods-Reminders.debug.xcconfig */,
				FEFC4D2EC0D6C90766015607 /* Pods-Reminders.release.xcconfig */,
			);
			path = Pods;
			sourceTree = "<group>";
		};
/* End PBXGroup section */

/* Begin PBXNativeTarget section */
		5891A0392B7DE552008312A1 /* Reminders */ = {
			isa = PBXNativeTarget;
			buildConfigurationList = 5891A04E2B7DE55C008312A1 /* Build configuration list for PBXNativeTarget "Reminders" */;
			buildPhases = (
				F6CAA014527C69ADED0050D1 /* [CP] Check Pods Manifest.lock */,
				5891A0362B7DE552008312A1 /* Sources */,
				5891A0372B7DE552008312A1 /* Frameworks */,
				5891A0382B7DE552008312A1 /* Resources */,
				BD10A0B8DBD62AF6586A983F /* [CP] Copy Pods Resources */,
			);
			buildRules = (
			);
			dependencies = (
			);
			name = Reminders;
			productName = Reminders;
			productReference = 5891A03A2B7DE552008312A1 /* Reminders.app */;
			productType = "com.apple.product-type.application";
		};
/* End PBXNativeTarget section */

/* Begin PBXProject section */
		5891A0322B7DE552008312A1 /* Project object */ = {
			isa = PBXProject;
			attributes = {
				BuildIndependentTargetsInParallel = 1;
				LastSwiftUpdateCheck = 1420;
				LastUpgradeCheck = 1420;
				TargetAttributes = {
					5891A0392B7DE552008312A1 = {
						CreatedOnToolsVersion = 14.2;
					};
				};
			};
			buildConfigurationList = 5891A0352B7DE552008312A1 /* Build configuration list for PBXProject "Reminders" */;
			compatibilityVersion = "Xcode 14.0";
			developmentRegion = en;
			hasScannedForEncodings = 0;
			knownRegions = (
				en,
				Base,
			);
			mainGroup = 5891A0312B7DE552008312A1;
			productRefGroup = 5891A03B2B7DE552008312A1 /* Products */;
			projectDirPath = "";
			projectRoot = "";
			targets = (
				5891A0392B7DE552008312A1 /* Reminders */,
			);
		};
/* End PBXProject section */

/* Begin PBXResourcesBuildPhase section */
		5891A0382B7DE552008312A1 /* Resources */ = {
			isa = PBXResourcesBuildPhase;
			buildActionMask = 2147483647;
			files = (
				5891A04A2B7DE55C008312A1 /* LaunchScreen.storyboard in Resources */,
				5891A0472B7DE55C008312A1 /* Assets.xcassets in Resources */,
				5891A0452B7DE552008312A1 /* Main.storyboard in Resources */,
			);
			runOnlyForDeploymentPostprocessing = 0;
		};
/* End PBXResourcesBuildPhase section */

/* Begin PBXShellScriptBuildPhase section */
		BD10A0B8DBD62AF6586A983F /* [CP] Copy Pods Resources */ = {
			isa = PBXShellScriptBuildPhase;
			buildActionMask = 2147483647;
			files = (
			);
			inputFileListPaths = (
				"${PODS_ROOT}/Target Support Files/Pods-Reminders/Pods-Reminders-resources-${CONFIGURATION}-input-files.xcfilelist",
			);
			name = "[CP] Copy Pods Resources";
			outputFileListPaths = (
				"${PODS_ROOT}/Target Support Files/Pods-Reminders/Pods-Reminders-resources-${CONFIGURATION}-output-files.xcfilelist",
			);
			runOnlyForDeploymentPostprocessing = 0;
			shellPath = /bin/sh;
			shellScript = "\"${PODS_ROOT}/Target Support Files/Pods-Reminders/Pods-Reminders-resources.sh\"\n";
			showEnvVarsInLog = 0;
		};
		F6CAA014527C69ADED0050D1 /* [CP] Check Pods Manifest.lock */ = {
			isa = PBXShellScriptBuildPhase;
			buildActionMask = 2147483647;
			files = (
			);
			inputFileListPaths = (
			);
			inputPaths = (
				"${PODS_PODFILE_DIR_PATH}/Podfile.lock",
				"${PODS_ROOT}/Manifest.lock",
			);
			name = "[CP] Check Pods Manifest.lock";
			outputFileListPaths = (
			);
			outputPaths = (
				"$(DERIVED_FILE_DIR)/Pods-Reminders-checkManifestLockResult.txt",
			);
			runOnlyForDeploymentPostprocessing = 0;
			shellPath = /bin/sh;
			shellScript = "diff \"${PODS_PODFILE_DIR_PATH}/Podfile.lock\" \"${PODS_ROOT}/Manifest.lock\" > /dev/null\nif [ $? != 0 ] ; then\n    # print error to STDERR\n    echo \"error: The sandbox is not in sync with the Podfile.lock. Run 'pod install' or update your CocoaPods installation.\" >&2\n    exit 1\nfi\n# This output is used by Xcode 'outputs' to avoid re-running this script phase.\necho \"SUCCESS\" > \"${SCRIPT_OUTPUT_FILE_0}\"\n";
			showEnvVarsInLog = 0;
		};
/* End PBXShellScriptBuildPhase section */

/* Begin PBXSourcesBuildPhase section */
		5891A0362B7DE552008312A1 /* Sources */ = {
			isa = PBXSourcesBuildPhase;
			buildActionMask = 2147483647;
			files = (
				585A51282B8710A20041A2B8 /* CategoryViewController.swift in Sources */,
				5891A0422B7DE552008312A1 /* RemindersViewController.swift in Sources */,
				5891A03E2B7DE552008312A1 /* AppDelegate.swift in Sources */,
				5862E89D2B8DD7A200EFE238 /* SwipeTableViewController.swift in Sources */,
				58E1F4FF2B8B8E4E0049DB96 /* Item.swift in Sources */,
				5891A0402B7DE552008312A1 /* SceneDelegate.swift in Sources */,
				58E1F5012B8B8EEC0049DB96 /* Category.swift in Sources */,
			);
			runOnlyForDeploymentPostprocessing = 0;
		};
/* End PBXSourcesBuildPhase section */

/* Begin PBXVariantGroup section */
		5891A0432B7DE552008312A1 /* Main.storyboard */ = {
			isa = PBXVariantGroup;
			children = (
				5891A0442B7DE552008312A1 /* Base */,
			);
			name = Main.storyboard;
			sourceTree = "<group>";
		};
		5891A0482B7DE55C008312A1 /* LaunchScreen.storyboard */ = {
			isa = PBXVariantGroup;
			children = (
				5891A0492B7DE55C008312A1 /* Base */,
			);
			name = LaunchScreen.storyboard;
			sourceTree = "<group>";
		};
/* End PBXVariantGroup section */

/* Begin XCBuildConfiguration section */
		5891A04C2B7DE55C008312A1 /* Debug */ = {
			isa = XCBuildConfiguration;
			buildSettings = {
				ALWAYS_SEARCH_USER_PATHS = NO;
				CLANG_ANALYZER_NONNULL = YES;
				CLANG_ANALYZER_NUMBER_OBJECT_CONVERSION = YES_AGGRESSIVE;
				CLANG_CXX_LANGUAGE_STANDARD = "gnu++20";
				CLANG_ENABLE_MODULES = YES;
				CLANG_ENABLE_OBJC_ARC = YES;
				CLANG_ENABLE_OBJC_WEAK = YES;
				CLANG_WARN_BLOCK_CAPTURE_AUTORELEASING = YES;
				CLANG_WARN_BOOL_CONVERSION = YES;
				CLANG_WARN_COMMA = YES;
				CLANG_WARN_CONSTANT_CONVERSION = YES;
				CLANG_WARN_DEPRECATED_OBJC_IMPLEMENTATIONS = YES;
				CLANG_WARN_DIRECT_OBJC_ISA_USAGE = YES_ERROR;
				CLANG_WARN_DOCUMENTATION_COMMENTS = YES;
				CLANG_WARN_EMPTY_BODY = YES;
				CLANG_WARN_ENUM_CONVERSION = YES;
				CLANG_WARN_INFINITE_RECURSION = YES;
				CLANG_WARN_INT_CONVERSION = YES;
				CLANG_WARN_NON_LITERAL_NULL_CONVERSION = YES;
				CLANG_WARN_OBJC_IMPLICIT_RETAIN_SELF = YES;
				CLANG_WARN_OBJC_LITERAL_CONVERSION = YES;
				CLANG_WARN_OBJC_ROOT_CLASS = YES_ERROR;
				CLANG_WARN_QUOTED_INCLUDE_IN_FRAMEWORK_HEADER = YES;
				CLANG_WARN_RANGE_LOOP_ANALYSIS = YES;
				CLANG_WARN_STRICT_PROTOTYPES = YES;
				CLANG_WARN_SUSPICIOUS_MOVE = YES;
				CLANG_WARN_UNGUARDED_AVAILABILITY = YES_AGGRESSIVE;
				CLANG_WARN_UNREACHABLE_CODE = YES;
				CLANG_WARN__DUPLICATE_METHOD_MATCH = YES;
				COPY_PHASE_STRIP = NO;
				DEBUG_INFORMATION_FORMAT = dwarf;
				ENABLE_STRICT_OBJC_MSGSEND = YES;
				ENABLE_TESTABILITY = YES;
				GCC_C_LANGUAGE_STANDARD = gnu11;
				GCC_DYNAMIC_NO_PIC = NO;
				GCC_NO_COMMON_BLOCKS = YES;
				GCC_OPTIMIZATION_LEVEL = 0;
				GCC_PREPROCESSOR_DEFINITIONS = (
					"DEBUG=1",
					"$(inherited)",
				);
				GCC_WARN_64_TO_32_BIT_CONVERSION = YES;
				GCC_WARN_ABOUT_RETURN_TYPE = YES_ERROR;
				GCC_WARN_UNDECLARED_SELECTOR = YES;
				GCC_WARN_UNINITIALIZED_AUTOS = YES_AGGRESSIVE;
				GCC_WARN_UNUSED_FUNCTION = YES;
				GCC_WARN_UNUSED_VARIABLE = YES;
				IPHONEOS_DEPLOYMENT_TARGET = 16.2;
				MTL_ENABLE_DEBUG_INFO = INCLUDE_SOURCE;
				MTL_FAST_MATH = YES;
				ONLY_ACTIVE_ARCH = YES;
				SDKROOT = iphoneos;
				SWIFT_ACTIVE_COMPILATION_CONDITIONS = DEBUG;
				SWIFT_OPTIMIZATION_LEVEL = "-Onone";
			};
			name = Debug;
		};
		5891A04D2B7DE55C008312A1 /* Release */ = {
			isa = XCBuildConfiguration;
			buildSettings = {
				ALWAYS_SEARCH_USER_PATHS = NO;
				CLANG_ANALYZER_NONNULL = YES;
				CLANG_ANALYZER_NUMBER_OBJECT_CONVERSION = YES_AGGRESSIVE;
				CLANG_CXX_LANGUAGE_STANDARD = "gnu++20";
				CLANG_ENABLE_MODULES = YES;
				CLANG_ENABLE_OBJC_ARC = YES;
				CLANG_ENABLE_OBJC_WEAK = YES;
				CLANG_WARN_BLOCK_CAPTURE_AUTORELEASING = YES;
				CLANG_WARN_BOOL_CONVERSION = YES;
				CLANG_WARN_COMMA = YES;
				CLANG_WARN_CONSTANT_CONVERSION = YES;
				CLANG_WARN_DEPRECATED_OBJC_IMPLEMENTATIONS = YES;
				CLANG_WARN_DIRECT_OBJC_ISA_USAGE = YES_ERROR;
				CLANG_WARN_DOCUMENTATION_COMMENTS = YES;
				CLANG_WARN_EMPTY_BODY = YES;
				CLANG_WARN_ENUM_CONVERSION = YES;
				CLANG_WARN_INFINITE_RECURSION = YES;
				CLANG_WARN_INT_CONVERSION = YES;
				CLANG_WARN_NON_LITERAL_NULL_CONVERSION = YES;
				CLANG_WARN_OBJC_IMPLICIT_RETAIN_SELF = YES;
				CLANG_WARN_OBJC_LITERAL_CONVERSION = YES;
				CLANG_WARN_OBJC_ROOT_CLASS = YES_ERROR;
				CLANG_WARN_QUOTED_INCLUDE_IN_FRAMEWORK_HEADER = YES;
				CLANG_WARN_RANGE_LOOP_ANALYSIS = YES;
				CLANG_WARN_STRICT_PROTOTYPES = YES;
				CLANG_WARN_SUSPICIOUS_MOVE = YES;
				CLANG_WARN_UNGUARDED_AVAILABILITY = YES_AGGRESSIVE;
				CLANG_WARN_UNREACHABLE_CODE = YES;
				CLANG_WARN__DUPLICATE_METHOD_MATCH = YES;
				COPY_PHASE_STRIP = NO;
				DEBUG_INFORMATION_FORMAT = "dwarf-with-dsym";
				ENABLE_NS_ASSERTIONS = NO;
				ENABLE_STRICT_OBJC_MSGSEND = YES;
				GCC_C_LANGUAGE_STANDARD = gnu11;
				GCC_NO_COMMON_BLOCKS = YES;
				GCC_WARN_64_TO_32_BIT_CONVERSION = YES;
				GCC_WARN_ABOUT_RETURN_TYPE = YES_ERROR;
				GCC_WARN_UNDECLARED_SELECTOR = YES;
				GCC_WARN_UNINITIALIZED_AUTOS = YES_AGGRESSIVE;
				GCC_WARN_UNUSED_FUNCTION = YES;
				GCC_WARN_UNUSED_VARIABLE = YES;
				IPHONEOS_DEPLOYMENT_TARGET = 16.2;
				MTL_ENABLE_DEBUG_INFO = NO;
				MTL_FAST_MATH = YES;
				SDKROOT = iphoneos;
				SWIFT_COMPILATION_MODE = wholemodule;
				SWIFT_OPTIMIZATION_LEVEL = "-O";
				VALIDATE_PRODUCT = YES;
			};
			name = Release;
		};
		5891A04F2B7DE55C008312A1 /* Debug */ = {
			isa = XCBuildConfiguration;
			baseConfigurationReference = 92348F5F3993AB95851A7BFD /* Pods-Reminders.debug.xcconfig */;
			buildSettings = {
				ASSETCATALOG_COMPILER_APPICON_NAME = AppIcon;
				ASSETCATALOG_COMPILER_GLOBAL_ACCENT_COLOR_NAME = AccentColor;
				CODE_SIGN_STYLE = Automatic;
				CURRENT_PROJECT_VERSION = 1;
				DEVELOPMENT_TEAM = 6NZDML3UK3;
				GENERATE_INFOPLIST_FILE = YES;
				INFOPLIST_FILE = Reminders/Info.plist;
				INFOPLIST_KEY_UIApplicationSupportsIndirectInputEvents = YES;
				INFOPLIST_KEY_UILaunchStoryboardName = LaunchScreen;
				INFOPLIST_KEY_UIMainStoryboardFile = Main;
				INFOPLIST_KEY_UISupportedInterfaceOrientations_iPad = "UIInterfaceOrientationPortrait UIInterfaceOrientationPortraitUpsideDown UIInterfaceOrientationLandscapeLeft UIInterfaceOrientationLandscapeRight";
				INFOPLIST_KEY_UISupportedInterfaceOrientations_iPhone = "UIInterfaceOrientationPortrait UIInterfaceOrientationLandscapeLeft UIInterfaceOrientationLandscapeRight";
				IPHONEOS_DEPLOYMENT_TARGET = 13.0;
				LD_RUNPATH_SEARCH_PATHS = (
					"$(inherited)",
					"@executable_path/Frameworks",
				);
				MARKETING_VERSION = 1.0;
				PRODUCT_BUNDLE_IDENTIFIER = com.badalaryal.Reminders;
				PRODUCT_NAME = "$(TARGET_NAME)";
				SWIFT_EMIT_LOC_STRINGS = YES;
				SWIFT_VERSION = 5.0;
				TARGETED_DEVICE_FAMILY = "1,2";
			};
			name = Debug;
		};
		5891A0502B7DE55C008312A1 /* Release */ = {
			isa = XCBuildConfiguration;
			baseConfigurationReference = FEFC4D2EC0D6C90766015607 /* Pods-Reminders.release.xcconfig */;
			buildSettings = {
				ASSETCATALOG_COMPILER_APPICON_NAME = AppIcon;
				ASSETCATALOG_COMPILER_GLOBAL_ACCENT_COLOR_NAME = AccentColor;
				CODE_SIGN_STYLE = Automatic;
				CURRENT_PROJECT_VERSION = 1;
				DEVELOPMENT_TEAM = 6NZDML3UK3;
				GENERATE_INFOPLIST_FILE = YES;
				INFOPLIST_FILE = Reminders/Info.plist;
				INFOPLIST_KEY_UIApplicationSupportsIndirectInputEvents = YES;
				INFOPLIST_KEY_UILaunchStoryboardName = LaunchScreen;
				INFOPLIST_KEY_UIMainStoryboardFile = Main;
				INFOPLIST_KEY_UISupportedInterfaceOrientations_iPad = "UIInterfaceOrientationPortrait UIInterfaceOrientationPortraitUpsideDown UIInterfaceOrientationLandscapeLeft UIInterfaceOrientationLandscapeRight";
				INFOPLIST_KEY_UISupportedInterfaceOrientations_iPhone = "UIInterfaceOrientationPortrait UIInterfaceOrientationLandscapeLeft UIInterfaceOrientationLandscapeRight";
				IPHONEOS_DEPLOYMENT_TARGET = 13.0;
				LD_RUNPATH_SEARCH_PATHS = (
					"$(inherited)",
					"@executable_path/Frameworks",
				);
				MARKETING_VERSION = 1.0;
				PRODUCT_BUNDLE_IDENTIFIER = com.badalaryal.Reminders;
				PRODUCT_NAME = "$(TARGET_NAME)";
				SWIFT_EMIT_LOC_STRINGS = YES;
				SWIFT_VERSION = 5.0;
				TARGETED_DEVICE_FAMILY = "1,2";
			};
			name = Release;
		};
/* End XCBuildConfiguration section */

/* Begin XCConfigurationList section */
		5891A0352B7DE552008312A1 /* Build configuration list for PBXProject "Reminders" */ = {
			isa = XCConfigurationList;
			buildConfigurations = (
				5891A04C2B7DE55C008312A1 /* Debug */,
				5891A04D2B7DE55C008312A1 /* Release */,
			);
			defaultConfigurationIsVisible = 0;
			defaultConfigurationName = Release;
		};
		5891A04E2B7DE55C008312A1 /* Build configuration list for PBXNativeTarget "Reminders" */ = {
			isa = XCConfigurationList;
			buildConfigurations = (
				5891A04F2B7DE55C008312A1 /* Debug */,
				5891A0502B7DE55C008312A1 /* Release */,
			);
			defaultConfigurationIsVisible = 0;
			defaultConfigurationName = Release;
		};
/* End XCConfigurationList section */
	};
	rootObject = 5891A0322B7DE552008312A1 /* Project object */;
}
